#MicroXplorer Configuration settings - do not modify
ADC1.Channel-1\#ChannelRegularConversion=ADC_CHANNEL_16
ADC1.Channel-10\#ChannelRegularConversion=ADC_CHANNEL_19
ADC1.Channel-11\#ChannelRegularConversion=ADC_CHANNEL_3
ADC1.Channel-12\#ChannelRegularConversion=ADC_CHANNEL_7
ADC1.Channel-13\#ChannelRegularConversion=ADC_CHANNEL_4
ADC1.Channel-14\#ChannelRegularConversion=ADC_CHANNEL_8
ADC1.Channel-15\#ChannelRegularConversion=ADC_CHANNEL_9
ADC1.Channel-16\#ChannelRegularConversion=ADC_CHANNEL_5
ADC1.Channel-17\#ChannelRegularConversion=ADC_CHANNEL_10
ADC1.Channel-18\#ChannelRegularConversion=ADC_CHANNEL_11
ADC1.Channel-6\#ChannelRegularConversion=ADC_CHANNEL_17
ADC1.Channel-7\#ChannelRegularConversion=ADC_CHANNEL_14
ADC1.Channel-8\#ChannelRegularConversion=ADC_CHANNEL_15
ADC1.Channel-9\#ChannelRegularConversion=ADC_CHANNEL_18
ADC1.ClockPrescaler=ADC_CLOCK_ASYNC_DIV1
ADC1.ClockPrescalerADC3=ADC_CLOCK_ASYNC_DIV2
ADC1.ContinuousConvMode=ENABLE
ADC1.ConversionDataManagement=ADC_CONVERSIONDATA_DMA_CIRCULAR
ADC1.EOCSelection=ADC_EOC_SEQ_CONV
ADC1.EnableInjectedConversion=DISABLE
ADC1.EnableInjectedOversampling=DISABLE
ADC1.IPParameters=Rank-1\#ChannelRegularConversion,Channel-1\#ChannelRegularConversion,SamplingTime-1\#ChannelRegularConversion,OffsetNumber-1\#ChannelRegularConversion,OffsetSignedSaturation-1\#ChannelRegularConversion,NbrOfConversionFlag,Resolution,ContinuousConvMode,EOCSelection,EnableInjectedConversion,EnableInjectedOversampling,NbrOfConversion,Rank-6\#ChannelRegularConversion,Channel-6\#ChannelRegularConversion,SamplingTime-6\#ChannelRegularConversion,OffsetNumber-6\#ChannelRegularConversion,OffsetSignedSaturation-6\#ChannelRegularConversion,Rank-7\#ChannelRegularConversion,Channel-7\#ChannelRegularConversion,SamplingTime-7\#ChannelRegularConversion,OffsetNumber-7\#ChannelRegularConversion,OffsetSignedSaturation-7\#ChannelRegularConversion,Rank-8\#ChannelRegularConversion,Channel-8\#ChannelRegularConversion,SamplingTime-8\#ChannelRegularConversion,OffsetNumber-8\#ChannelRegularConversion,OffsetSignedSaturation-8\#ChannelRegularConversion,ClockPrescaler,ConversionDataManagement,master,Rank-9\#ChannelRegularConversion,Channel-9\#ChannelRegularConversion,SamplingTime-9\#ChannelRegularConversion,OffsetNumber-9\#ChannelRegularConversion,OffsetSignedSaturation-9\#ChannelRegularConversion,Rank-10\#ChannelRegularConversion,Channel-10\#ChannelRegularConversion,SamplingTime-10\#ChannelRegularConversion,OffsetNumber-10\#ChannelRegularConversion,OffsetSignedSaturation-10\#ChannelRegularConversion,Rank-11\#ChannelRegularConversion,Channel-11\#ChannelRegularConversion,SamplingTime-11\#ChannelRegularConversion,OffsetNumber-11\#ChannelRegularConversion,OffsetSignedSaturation-11\#ChannelRegularConversion,Rank-12\#ChannelRegularConversion,Channel-12\#ChannelRegularConversion,SamplingTime-12\#ChannelRegularConversion,OffsetNumber-12\#ChannelRegularConversion,OffsetSignedSaturation-12\#ChannelRegularConversion,Rank-13\#ChannelRegularConversion,Channel-13\#ChannelRegularConversion,SamplingTime-13\#ChannelRegularConversion,OffsetNumber-13\#ChannelRegularConversion,OffsetSignedSaturation-13\#ChannelRegularConversion,Rank-14\#ChannelRegularConversion,Channel-14\#ChannelRegularConversion,SamplingTime-14\#ChannelRegularConversion,OffsetNumber-14\#ChannelRegularConversion,OffsetSignedSaturation-14\#ChannelRegularConversion,Rank-15\#ChannelRegularConversion,Channel-15\#ChannelRegularConversion,SamplingTime-15\#ChannelRegularConversion,OffsetNumber-15\#ChannelRegularConversion,OffsetSignedSaturation-15\#ChannelRegularConversion,Rank-16\#ChannelRegularConversion,Channel-16\#ChannelRegularConversion,SamplingTime-16\#ChannelRegularConversion,OffsetNumber-16\#ChannelRegularConversion,OffsetSignedSaturation-16\#ChannelRegularConversion,Rank-17\#ChannelRegularConversion,Channel-17\#ChannelRegularConversion,SamplingTime-17\#ChannelRegularConversion,OffsetNumber-17\#ChannelRegularConversion,OffsetSignedSaturation-17\#ChannelRegularConversion,Rank-18\#ChannelRegularConversion,Channel-18\#ChannelRegularConversion,SamplingTime-18\#ChannelRegularConversion,OffsetNumber-18\#ChannelRegularConversion,OffsetSignedSaturation-18\#ChannelRegularConversion,ClockPrescalerADC3
ADC1.NbrOfConversion=14
ADC1.NbrOfConversionFlag=1
ADC1.OffsetNumber-1\#ChannelRegularConversion=ADC_OFFSET_NONE
ADC1.OffsetNumber-10\#ChannelRegularConversion=ADC_OFFSET_NONE
ADC1.OffsetNumber-11\#ChannelRegularConversion=ADC_OFFSET_NONE
ADC1.OffsetNumber-12\#ChannelRegularConversion=ADC_OFFSET_NONE
ADC1.OffsetNumber-13\#ChannelRegularConversion=ADC_OFFSET_NONE
ADC1.OffsetNumber-14\#ChannelRegularConversion=ADC_OFFSET_NONE
ADC1.OffsetNumber-15\#ChannelRegularConversion=ADC_OFFSET_NONE
ADC1.OffsetNumber-16\#ChannelRegularConversion=ADC_OFFSET_NONE
ADC1.OffsetNumber-17\#ChannelRegularConversion=ADC_OFFSET_NONE
ADC1.OffsetNumber-18\#ChannelRegularConversion=ADC_OFFSET_NONE
ADC1.OffsetNumber-6\#ChannelRegularConversion=ADC_OFFSET_NONE
ADC1.OffsetNumber-7\#ChannelRegularConversion=ADC_OFFSET_NONE
ADC1.OffsetNumber-8\#ChannelRegularConversion=ADC_OFFSET_NONE
ADC1.OffsetNumber-9\#ChannelRegularConversion=ADC_OFFSET_NONE
ADC1.OffsetSignedSaturation-1\#ChannelRegularConversion=DISABLE
ADC1.OffsetSignedSaturation-10\#ChannelRegularConversion=DISABLE
ADC1.OffsetSignedSaturation-11\#ChannelRegularConversion=DISABLE
ADC1.OffsetSignedSaturation-12\#ChannelRegularConversion=DISABLE
ADC1.OffsetSignedSaturation-13\#ChannelRegularConversion=DISABLE
ADC1.OffsetSignedSaturation-14\#ChannelRegularConversion=DISABLE
ADC1.OffsetSignedSaturation-15\#ChannelRegularConversion=DISABLE
ADC1.OffsetSignedSaturation-16\#ChannelRegularConversion=DISABLE
ADC1.OffsetSignedSaturation-17\#ChannelRegularConversion=DISABLE
ADC1.OffsetSignedSaturation-18\#ChannelRegularConversion=DISABLE
ADC1.OffsetSignedSaturation-6\#ChannelRegularConversion=DISABLE
ADC1.OffsetSignedSaturation-7\#ChannelRegularConversion=DISABLE
ADC1.OffsetSignedSaturation-8\#ChannelRegularConversion=DISABLE
ADC1.OffsetSignedSaturation-9\#ChannelRegularConversion=DISABLE
ADC1.Rank-1\#ChannelRegularConversion=1
ADC1.Rank-10\#ChannelRegularConversion=6
ADC1.Rank-11\#ChannelRegularConversion=7
ADC1.Rank-12\#ChannelRegularConversion=8
ADC1.Rank-13\#ChannelRegularConversion=9
ADC1.Rank-14\#ChannelRegularConversion=10
ADC1.Rank-15\#ChannelRegularConversion=11
ADC1.Rank-16\#ChannelRegularConversion=12
ADC1.Rank-17\#ChannelRegularConversion=13
ADC1.Rank-18\#ChannelRegularConversion=14
ADC1.Rank-6\#ChannelRegularConversion=2
ADC1.Rank-7\#ChannelRegularConversion=3
ADC1.Rank-8\#ChannelRegularConversion=4
ADC1.Rank-9\#ChannelRegularConversion=5
ADC1.Resolution=ADC_RESOLUTION_16B
ADC1.SamplingTime-1\#ChannelRegularConversion=ADC_SAMPLETIME_16CYCLES_5
ADC1.SamplingTime-10\#ChannelRegularConversion=ADC_SAMPLETIME_16CYCLES_5
ADC1.SamplingTime-11\#ChannelRegularConversion=ADC_SAMPLETIME_16CYCLES_5
ADC1.SamplingTime-12\#ChannelRegularConversion=ADC_SAMPLETIME_16CYCLES_5
ADC1.SamplingTime-13\#ChannelRegularConversion=ADC_SAMPLETIME_16CYCLES_5
ADC1.SamplingTime-14\#ChannelRegularConversion=ADC_SAMPLETIME_16CYCLES_5
ADC1.SamplingTime-15\#ChannelRegularConversion=ADC_SAMPLETIME_16CYCLES_5
ADC1.SamplingTime-16\#ChannelRegularConversion=ADC_SAMPLETIME_16CYCLES_5
ADC1.SamplingTime-17\#ChannelRegularConversion=ADC_SAMPLETIME_16CYCLES_5
ADC1.SamplingTime-18\#ChannelRegularConversion=ADC_SAMPLETIME_16CYCLES_5
ADC1.SamplingTime-6\#ChannelRegularConversion=ADC_SAMPLETIME_16CYCLES_5
ADC1.SamplingTime-7\#ChannelRegularConversion=ADC_SAMPLETIME_16CYCLES_5
ADC1.SamplingTime-8\#ChannelRegularConversion=ADC_SAMPLETIME_810CYCLES_5
ADC1.SamplingTime-9\#ChannelRegularConversion=ADC_SAMPLETIME_16CYCLES_5
ADC1.master=1
ADC3.Channel-0\#ChannelRegularConversion=ADC_CHANNEL_0
ADC3.Channel-1\#ChannelRegularConversion=ADC_CHANNEL_1
ADC3.ClockPrescalerADC3=ADC_CLOCK_ASYNC_DIV2
ADC3.ContinuousConvMode=ENABLE
ADC3.ConversionDataManagement=ADC_CONVERSIONDATA_DMA_CIRCULAR
ADC3.IPParameters=Rank-0\#ChannelRegularConversion,Channel-0\#ChannelRegularConversion,SamplingTime-0\#ChannelRegularConversion,OffsetNumber-0\#ChannelRegularConversion,OffsetSignedSaturation-0\#ChannelRegularConversion,NbrOfConversionFlag,ClockPrescalerADC3,ContinuousConvMode,Rank-1\#ChannelRegularConversion,Channel-1\#ChannelRegularConversion,SamplingTime-1\#ChannelRegularConversion,OffsetNumber-1\#ChannelRegularConversion,OffsetSignedSaturation-1\#ChannelRegularConversion,NbrOfConversion,ConversionDataManagement
ADC3.NbrOfConversion=2
ADC3.NbrOfConversionFlag=1
ADC3.OffsetNumber-0\#ChannelRegularConversion=ADC_OFFSET_NONE
ADC3.OffsetNumber-1\#ChannelRegularConversion=ADC_OFFSET_NONE
ADC3.OffsetSignedSaturation-0\#ChannelRegularConversion=DISABLE
ADC3.OffsetSignedSaturation-1\#ChannelRegularConversion=DISABLE
ADC3.Rank-0\#ChannelRegularConversion=1
ADC3.Rank-1\#ChannelRegularConversion=2
ADC3.SamplingTime-0\#ChannelRegularConversion=ADC_SAMPLETIME_810CYCLES_5
ADC3.SamplingTime-1\#ChannelRegularConversion=ADC_SAMPLETIME_810CYCLES_5
CAD.formats=
CAD.pinconfig=
CAD.provider=
CORTEX_M7.IPParameters=default_mode_Activation
CORTEX_M7.default_mode_Activation=1
Dma.ADC1.2.Direction=DMA_PERIPH_TO_MEMORY
Dma.ADC1.2.EventEnable=DISABLE
Dma.ADC1.2.FIFOMode=DMA_FIFOMODE_DISABLE
Dma.ADC1.2.Instance=DMA1_Stream0
Dma.ADC1.2.MemDataAlignment=DMA_MDATAALIGN_HALFWORD
Dma.ADC1.2.MemInc=DMA_MINC_ENABLE
Dma.ADC1.2.Mode=DMA_CIRCULAR
Dma.ADC1.2.PeriphDataAlignment=DMA_PDATAALIGN_HALFWORD
Dma.ADC1.2.PeriphInc=DMA_PINC_DISABLE
Dma.ADC1.2.Polarity=HAL_DMAMUX_REQ_GEN_RISING
Dma.ADC1.2.Priority=DMA_PRIORITY_HIGH
Dma.ADC1.2.RequestNumber=1
Dma.ADC1.2.RequestParameters=Instance,Direction,PeriphInc,MemInc,PeriphDataAlignment,MemDataAlignment,Mode,Priority,FIFOMode,SignalID,Polarity,RequestNumber,SyncSignalID,SyncPolarity,SyncEnable,EventEnable,SyncRequestNumber
Dma.ADC1.2.SignalID=NONE
Dma.ADC1.2.SyncEnable=DISABLE
Dma.ADC1.2.SyncPolarity=HAL_DMAMUX_SYNC_NO_EVENT
Dma.ADC1.2.SyncRequestNumber=1
Dma.ADC1.2.SyncSignalID=NONE
Dma.ADC3.3.Direction=DMA_PERIPH_TO_MEMORY
Dma.ADC3.3.EventEnable=DISABLE
Dma.ADC3.3.FIFOMode=DMA_FIFOMODE_DISABLE
Dma.ADC3.3.Instance=DMA1_Stream4
Dma.ADC3.3.MemDataAlignment=DMA_MDATAALIGN_HALFWORD
Dma.ADC3.3.MemInc=DMA_MINC_ENABLE
Dma.ADC3.3.Mode=DMA_CIRCULAR
Dma.ADC3.3.PeriphDataAlignment=DMA_PDATAALIGN_HALFWORD
Dma.ADC3.3.PeriphInc=DMA_PINC_DISABLE
Dma.ADC3.3.Polarity=HAL_DMAMUX_REQ_GEN_RISING
Dma.ADC3.3.Priority=DMA_PRIORITY_LOW
Dma.ADC3.3.RequestNumber=1
Dma.ADC3.3.RequestParameters=Instance,Direction,PeriphInc,MemInc,PeriphDataAlignment,MemDataAlignment,Mode,Priority,FIFOMode,SignalID,Polarity,RequestNumber,SyncSignalID,SyncPolarity,SyncEnable,EventEnable,SyncRequestNumber
Dma.ADC3.3.SignalID=NONE
Dma.ADC3.3.SyncEnable=DISABLE
Dma.ADC3.3.SyncPolarity=HAL_DMAMUX_SYNC_NO_EVENT
Dma.ADC3.3.SyncRequestNumber=1
Dma.ADC3.3.SyncSignalID=NONE
Dma.Request0=USART1_RX
Dma.Request1=USART1_TX
Dma.Request2=ADC1
Dma.Request3=ADC3
Dma.Request4=UART7_RX
Dma.Request5=UART7_TX
Dma.RequestsNb=6
Dma.UART7_RX.4.Direction=DMA_PERIPH_TO_MEMORY
Dma.UART7_RX.4.EventEnable=DISABLE
Dma.UART7_RX.4.FIFOMode=DMA_FIFOMODE_DISABLE
Dma.UART7_RX.4.Instance=DMA1_Stream1
Dma.UART7_RX.4.MemDataAlignment=DMA_MDATAALIGN_BYTE
Dma.UART7_RX.4.MemInc=DMA_MINC_ENABLE
Dma.UART7_RX.4.Mode=DMA_NORMAL
Dma.UART7_RX.4.PeriphDataAlignment=DMA_PDATAALIGN_BYTE
Dma.UART7_RX.4.PeriphInc=DMA_PINC_DISABLE
Dma.UART7_RX.4.Polarity=HAL_DMAMUX_REQ_GEN_RISING
Dma.UART7_RX.4.Priority=DMA_PRIORITY_LOW
Dma.UART7_RX.4.RequestNumber=1
Dma.UART7_RX.4.RequestParameters=Instance,Direction,PeriphInc,MemInc,PeriphDataAlignment,MemDataAlignment,Mode,Priority,FIFOMode,SignalID,Polarity,RequestNumber,SyncSignalID,SyncPolarity,SyncEnable,EventEnable,SyncRequestNumber
Dma.UART7_RX.4.SignalID=NONE
Dma.UART7_RX.4.SyncEnable=DISABLE
Dma.UART7_RX.4.SyncPolarity=HAL_DMAMUX_SYNC_NO_EVENT
Dma.UART7_RX.4.SyncRequestNumber=1
Dma.UART7_RX.4.SyncSignalID=NONE
Dma.UART7_TX.5.Direction=DMA_MEMORY_TO_PERIPH
Dma.UART7_TX.5.EventEnable=DISABLE
Dma.UART7_TX.5.FIFOMode=DMA_FIFOMODE_DISABLE
Dma.UART7_TX.5.Instance=DMA1_Stream3
Dma.UART7_TX.5.MemDataAlignment=DMA_MDATAALIGN_BYTE
Dma.UART7_TX.5.MemInc=DMA_MINC_ENABLE
Dma.UART7_TX.5.Mode=DMA_NORMAL
Dma.UART7_TX.5.PeriphDataAlignment=DMA_PDATAALIGN_BYTE
Dma.UART7_TX.5.PeriphInc=DMA_PINC_DISABLE
Dma.UART7_TX.5.Polarity=HAL_DMAMUX_REQ_GEN_RISING
Dma.UART7_TX.5.Priority=DMA_PRIORITY_LOW
Dma.UART7_TX.5.RequestNumber=1
Dma.UART7_TX.5.RequestParameters=Instance,Direction,PeriphInc,MemInc,PeriphDataAlignment,MemDataAlignment,Mode,Priority,FIFOMode,SignalID,Polarity,RequestNumber,SyncSignalID,SyncPolarity,SyncEnable,EventEnable,SyncRequestNumber
Dma.UART7_TX.5.SignalID=NONE
Dma.UART7_TX.5.SyncEnable=DISABLE
Dma.UART7_TX.5.SyncPolarity=HAL_DMAMUX_SYNC_NO_EVENT
Dma.UART7_TX.5.SyncRequestNumber=1
Dma.UART7_TX.5.SyncSignalID=NONE
Dma.USART1_RX.0.Direction=DMA_PERIPH_TO_MEMORY
Dma.USART1_RX.0.EventEnable=DISABLE
Dma.USART1_RX.0.FIFOMode=DMA_FIFOMODE_DISABLE
Dma.USART1_RX.0.Instance=DMA1_Stream2
Dma.USART1_RX.0.MemDataAlignment=DMA_MDATAALIGN_BYTE
Dma.USART1_RX.0.MemInc=DMA_MINC_ENABLE
Dma.USART1_RX.0.Mode=DMA_NORMAL
Dma.USART1_RX.0.PeriphDataAlignment=DMA_PDATAALIGN_BYTE
Dma.USART1_RX.0.PeriphInc=DMA_PINC_DISABLE
Dma.USART1_RX.0.Polarity=HAL_DMAMUX_REQ_GEN_RISING
Dma.USART1_RX.0.Priority=DMA_PRIORITY_LOW
Dma.USART1_RX.0.RequestNumber=1
Dma.USART1_RX.0.RequestParameters=Instance,Direction,PeriphInc,MemInc,PeriphDataAlignment,MemDataAlignment,Mode,Priority,FIFOMode,SignalID,Polarity,RequestNumber,SyncSignalID,SyncPolarity,SyncEnable,EventEnable,SyncRequestNumber
Dma.USART1_RX.0.SignalID=NONE
Dma.USART1_RX.0.SyncEnable=DISABLE
Dma.USART1_RX.0.SyncPolarity=HAL_DMAMUX_SYNC_NO_EVENT
Dma.USART1_RX.0.SyncRequestNumber=1
Dma.USART1_RX.0.SyncSignalID=NONE
Dma.USART1_TX.1.Direction=DMA_MEMORY_TO_PERIPH
Dma.USART1_TX.1.EventEnable=DISABLE
Dma.USART1_TX.1.FIFOMode=DMA_FIFOMODE_DISABLE
Dma.USART1_TX.1.Instance=DMA1_Stream7
Dma.USART1_TX.1.MemDataAlignment=DMA_MDATAALIGN_BYTE
Dma.USART1_TX.1.MemInc=DMA_MINC_ENABLE
Dma.USART1_TX.1.Mode=DMA_NORMAL
Dma.USART1_TX.1.PeriphDataAlignment=DMA_PDATAALIGN_BYTE
Dma.USART1_TX.1.PeriphInc=DMA_PINC_DISABLE
Dma.USART1_TX.1.Polarity=HAL_DMAMUX_REQ_GEN_RISING
Dma.USART1_TX.1.Priority=DMA_PRIORITY_LOW
Dma.USART1_TX.1.RequestNumber=1
Dma.USART1_TX.1.RequestParameters=Instance,Direction,PeriphInc,MemInc,PeriphDataAlignment,MemDataAlignment,Mode,Priority,FIFOMode,SignalID,Polarity,RequestNumber,SyncSignalID,SyncPolarity,SyncEnable,EventEnable,SyncRequestNumber
Dma.USART1_TX.1.SignalID=NONE
Dma.USART1_TX.1.SyncEnable=DISABLE
Dma.USART1_TX.1.SyncPolarity=HAL_DMAMUX_SYNC_NO_EVENT
Dma.USART1_TX.1.SyncRequestNumber=1
Dma.USART1_TX.1.SyncSignalID=NONE
FDCAN1.AutoRetransmission=ENABLE
FDCAN1.CalculateBaudRateNominal=499999
FDCAN1.CalculateTimeBitNominal=2000
FDCAN1.CalculateTimeQuantumNominal=166.66666666666669
FDCAN1.ExtFiltersNbr=10
FDCAN1.IPParameters=CalculateTimeQuantumNominal,CalculateTimeBitNominal,CalculateBaudRateNominal,AutoRetransmission,NominalPrescaler,NominalTimeSeg1,RxFifo0ElmtsNbr,RxFifo1ElmtsNbr,RxBuffersNbr,TxEventsNbr,TxBuffersNbr,TxFifoQueueElmtsNbr,ExtFiltersNbr
FDCAN1.NominalPrescaler=20
FDCAN1.NominalTimeSeg1=10
FDCAN1.RxBuffersNbr=8
FDCAN1.RxFifo0ElmtsNbr=16
FDCAN1.RxFifo1ElmtsNbr=16
FDCAN1.TxBuffersNbr=10
FDCAN1.TxEventsNbr=10
FDCAN1.TxFifoQueueElmtsNbr=1
File.Version=6
GPIO.groupedBy=Group By Peripherals
KeepUserPlacement=false
MMTAppRegionsCount=0
MMTConfigApplied=false
Mcu.CPN=STM32H750VBT6
Mcu.Family=STM32H7
Mcu.IP0=ADC1
Mcu.IP1=ADC3
Mcu.IP10=SYS
Mcu.IP11=TIM1
Mcu.IP12=TIM2
Mcu.IP13=TIM3
Mcu.IP14=TIM4
Mcu.IP15=TIM5
Mcu.IP16=TIM6
Mcu.IP17=TIM7
Mcu.IP18=TIM8
Mcu.IP19=TIM12
Mcu.IP2=CORTEX_M7
Mcu.IP20=UART7
Mcu.IP21=USART1
Mcu.IP3=DEBUG
Mcu.IP4=DMA
Mcu.IP5=FDCAN1
Mcu.IP6=MEMORYMAP
Mcu.IP7=NVIC
Mcu.IP8=QUADSPI
Mcu.IP9=RCC
Mcu.IPNb=22
Mcu.Name=STM32H750VBTx
Mcu.Package=LQFP100
Mcu.Pin0=PE2
Mcu.Pin1=PE3
Mcu.Pin10=PC1
Mcu.Pin11=PC2_C
Mcu.Pin12=PC3_C
Mcu.Pin13=PA0
Mcu.Pin14=PA1
Mcu.Pin15=PA2
Mcu.Pin16=PA3
Mcu.Pin17=PA4
Mcu.Pin18=PA5
Mcu.Pin19=PA6
Mcu.Pin2=PE4
Mcu.Pin20=PA7
Mcu.Pin21=PC4
Mcu.Pin22=PC5
Mcu.Pin23=PB0
Mcu.Pin24=PB1
Mcu.Pin25=PB2
Mcu.Pin26=PE7
Mcu.Pin27=PE8
Mcu.Pin28=PE9
Mcu.Pin29=PE10
Mcu.Pin3=PE5
Mcu.Pin30=PE11
Mcu.Pin31=PE12
Mcu.Pin32=PE13
Mcu.Pin33=PE14
Mcu.Pin34=PE15
Mcu.Pin35=PB10
Mcu.Pin36=PB11
Mcu.Pin37=PB12
Mcu.Pin38=PB13
Mcu.Pin39=PB14
Mcu.Pin4=PE6
Mcu.Pin40=PB15
Mcu.Pin41=PD9
Mcu.Pin42=PD10
Mcu.Pin43=PD11
Mcu.Pin44=PD12
Mcu.Pin45=PD13
Mcu.Pin46=PD14
Mcu.Pin47=PD15
Mcu.Pin48=PC6
Mcu.Pin49=PC7
Mcu.Pin5=PC14-OSC32_IN (OSC32_IN)
Mcu.Pin50=PC8
Mcu.Pin51=PC9
Mcu.Pin52=PA8
Mcu.Pin53=PA9
Mcu.Pin54=PA10
Mcu.Pin55=PA11
Mcu.Pin56=PA12
Mcu.Pin57=PA13 (JTMS/SWDIO)
Mcu.Pin58=PA14 (JTCK/SWCLK)
Mcu.Pin59=PA15 (JTDI)
Mcu.Pin6=PC15-OSC32_OUT (OSC32_OUT)
Mcu.Pin60=PD0
Mcu.Pin61=PD1
Mcu.Pin62=PD2
Mcu.Pin63=PD3
Mcu.Pin64=PD4
Mcu.Pin65=PD5
Mcu.Pin66=PD6
Mcu.Pin67=PD7
Mcu.Pin68=PB3 (JTDO/TRACESWO)
Mcu.Pin69=PB4 (NJTRST)
Mcu.Pin7=PH0-OSC_IN (PH0)
Mcu.Pin70=PB5
Mcu.Pin71=PB6
Mcu.Pin72=PB7
Mcu.Pin73=PB9
Mcu.Pin74=PE0
Mcu.Pin75=PE1
Mcu.Pin76=VP_SYS_VS_Systick
Mcu.Pin77=VP_TIM1_VS_ClockSourceINT
Mcu.Pin78=VP_TIM2_VS_ClockSourceINT
Mcu.Pin79=VP_TIM3_VS_ClockSourceINT
Mcu.Pin8=PH1-OSC_OUT (PH1)
Mcu.Pin80=VP_TIM4_VS_ClockSourceINT
Mcu.Pin81=VP_TIM5_VS_ClockSourceINT
Mcu.Pin82=VP_TIM6_VS_ClockSourceINT
Mcu.Pin83=VP_TIM7_VS_ClockSourceINT
Mcu.Pin84=VP_TIM8_VS_ClockSourceINT
Mcu.Pin85=VP_TIM12_VS_ClockSourceINT
Mcu.Pin86=VP_MEMORYMAP_VS_MEMORYMAP
Mcu.Pin9=PC0
Mcu.PinsNb=87
Mcu.ThirdPartyNb=0
Mcu.UserConstants=
Mcu.UserName=STM32H750VBTx
MxCube.Version=6.14.1
MxDb.Version=DB.6.0.141
NVIC.BusFault_IRQn=true\:0\:0\:false\:false\:true\:false\:false\:false
NVIC.DMA1_Stream0_IRQn=true\:0\:0\:false\:false\:true\:false\:true\:true
NVIC.DMA1_Stream1_IRQn=true\:0\:0\:false\:false\:true\:false\:true\:true
NVIC.DMA1_Stream2_IRQn=true\:0\:0\:false\:false\:true\:false\:true\:true
NVIC.DMA1_Stream3_IRQn=true\:0\:0\:false\:false\:true\:false\:true\:true
NVIC.DMA1_Stream4_IRQn=true\:0\:0\:false\:false\:true\:false\:true\:true
NVIC.DMA1_Stream7_IRQn=true\:0\:0\:false\:false\:true\:false\:true\:true
NVIC.DebugMonitor_IRQn=true\:0\:0\:false\:false\:true\:false\:false\:false
NVIC.FDCAN1_IT0_IRQn=true\:0\:0\:false\:false\:true\:true\:true\:true
NVIC.FDCAN1_IT1_IRQn=true\:0\:0\:false\:false\:true\:true\:true\:true
NVIC.ForceEnableDMAVector=true
NVIC.HardFault_IRQn=true\:0\:0\:false\:false\:true\:false\:false\:false
NVIC.MemoryManagement_IRQn=true\:0\:0\:false\:false\:true\:false\:false\:false
NVIC.NonMaskableInt_IRQn=true\:0\:0\:false\:false\:true\:false\:false\:false
NVIC.PendSV_IRQn=true\:0\:0\:false\:false\:true\:false\:false\:false
NVIC.PriorityGroup=NVIC_PRIORITYGROUP_4
NVIC.SVCall_IRQn=true\:0\:0\:false\:false\:true\:false\:false\:false
NVIC.SysTick_IRQn=true\:15\:0\:false\:false\:true\:false\:true\:false
NVIC.TIM6_DAC_IRQn=true\:0\:0\:false\:false\:true\:true\:true\:true
NVIC.TIM7_IRQn=true\:0\:0\:false\:false\:true\:true\:true\:true
NVIC.UART7_IRQn=true\:0\:0\:false\:false\:true\:true\:true\:true
NVIC.USART1_IRQn=true\:0\:0\:false\:false\:true\:true\:true\:true
NVIC.UsageFault_IRQn=true\:0\:0\:false\:false\:true\:false\:false\:false
PA0.Locked=true
PA0.Mode=IN16-Single-Ended
PA0.Signal=ADC1_INP16
PA1.Locked=true
PA1.Signal=SharedAnalog_PA1
PA10.GPIOParameters=GPIO_Speed,GPIO_PuPd
PA10.GPIO_PuPd=GPIO_PULLUP
PA10.GPIO_Speed=GPIO_SPEED_FREQ_HIGH
PA10.Locked=true
PA10.Mode=Asynchronous
PA10.Signal=USART1_RX
PA11.GPIOParameters=GPIO_Label
PA11.GPIO_Label=EXIO_595_CLK
PA11.Locked=true
PA11.Signal=GPIO_Output
PA12.GPIOParameters=GPIO_Label
PA12.GPIO_Label=EXIO_595_DATA
PA12.Locked=true
PA12.Signal=GPIO_Output
PA13\ (JTMS/SWDIO).Locked=true
PA13\ (JTMS/SWDIO).Mode=Serial_Wire
PA13\ (JTMS/SWDIO).Signal=DEBUG_JTMS-SWDIO
PA14\ (JTCK/SWCLK).Locked=true
PA14\ (JTCK/SWCLK).Mode=Serial_Wire
PA14\ (JTCK/SWCLK).Signal=DEBUG_JTCK-SWCLK
PA15\ (JTDI).Locked=true
PA15\ (JTDI).Signal=S_TIM2_CH1_ETR
PA2.Signal=ADCx_INP14
PA3.Signal=ADCx_INP15
PA4.Signal=ADCx_INP18
PA5.Locked=true
PA5.Signal=ADCx_INP19
PA6.Locked=true
PA6.Signal=ADCx_INP3
PA7.Locked=true
PA7.Signal=ADCx_INP7
PA8.GPIOParameters=GPIO_Speed,GPIO_Label
PA8.GPIO_Label=EXIO_595_LD
PA8.GPIO_Speed=GPIO_SPEED_FREQ_MEDIUM
PA8.Locked=true
PA8.Signal=GPIO_Output
PA9.GPIOParameters=GPIO_Speed,GPIO_PuPd
PA9.GPIO_PuPd=GPIO_PULLUP
PA9.GPIO_Speed=GPIO_SPEED_FREQ_HIGH
PA9.Locked=true
PA9.Mode=Asynchronous
PA9.Signal=USART1_TX
PB0.Locked=true
PB0.Signal=SharedAnalog_PB0
PB1.Locked=true
PB1.Signal=ADCx_INP5
PB10.Signal=S_TIM2_CH3
PB11.Signal=S_TIM2_CH4
PB12.GPIOParameters=GPIO_Label
PB12.GPIO_Label=CD4052_A
PB12.Locked=true
PB12.Signal=GPIO_Output
PB13.Locked=true
PB13.Signal=GPIO_Output
PB14.Locked=true
PB14.Signal=S_TIM12_CH1
PB15.GPIOParameters=GPIO_Label
PB15.GPIO_Label=CD4052_B
PB15.Locked=true
PB15.Signal=GPIO_Output
PB2.Mode=Single Bank 1
PB2.Signal=QUADSPI_CLK
PB3\ (JTDO/TRACESWO).Locked=true
PB3\ (JTDO/TRACESWO).Signal=S_TIM2_CH2
PB4\ (NJTRST).Signal=S_TIM3_CH1
PB5.Locked=true
PB5.Signal=S_TIM3_CH2
PB6.Mode=Single Bank 1
PB6.Signal=QUADSPI_BK1_NCS
PB7.GPIOParameters=GPIO_Label
PB7.GPIO_Label=BUS_OVP
PB7.Locked=true
PB7.Signal=GPIO_Input
PB9.Locked=true
PB9.Signal=I2C4_SDA
PC0.Locked=true
PC0.Signal=ADCx_INP10
PC1.Locked=true
PC1.Signal=ADCx_INP11
PC14-OSC32_IN\ (OSC32_IN).GPIOParameters=GPIO_PuPd,GPIO_Label
PC14-OSC32_IN\ (OSC32_IN).GPIO_Label=SYS_LED1
PC14-OSC32_IN\ (OSC32_IN).GPIO_PuPd=GPIO_PULLUP
PC14-OSC32_IN\ (OSC32_IN).Locked=true
PC14-OSC32_IN\ (OSC32_IN).Signal=GPIO_Output
PC15-OSC32_OUT\ (OSC32_OUT).GPIOParameters=GPIO_PuPd,GPIO_Label,GPIO_ModeDefaultOutputPP
PC15-OSC32_OUT\ (OSC32_OUT).GPIO_Label=SYS_LED2
PC15-OSC32_OUT\ (OSC32_OUT).GPIO_ModeDefaultOutputPP=GPIO_MODE_OUTPUT_PP
PC15-OSC32_OUT\ (OSC32_OUT).GPIO_PuPd=GPIO_PULLUP
PC15-OSC32_OUT\ (OSC32_OUT).Locked=true
PC15-OSC32_OUT\ (OSC32_OUT).Signal=GPIO_Output
PC2_C.Locked=true
PC2_C.Mode=IN0-Single-Ended
PC2_C.Signal=ADC3_INP0
PC3_C.Locked=true
PC3_C.Mode=IN1-Single-Ended
PC3_C.Signal=ADC3_INP1
PC4.Signal=ADCx_INP4
PC5.Locked=true
PC5.Signal=ADCx_INP8
PC6.Signal=S_TIM8_CH1
PC7.Signal=S_TIM8_CH2
PC8.Signal=S_TIM8_CH3
PC9.Signal=S_TIM8_CH4
PD0.Locked=true
PD0.Mode=FDCAN_Activate
PD0.Signal=FDCAN1_RX
PD1.Locked=true
PD1.Mode=FDCAN_Activate
PD1.Signal=FDCAN1_TX
PD10.GPIOParameters=GPIO_Label
PD10.GPIO_Label=AD_V_PORT_EN
PD10.Locked=true
PD10.Signal=GPIO_Output
PD11.Mode=Single Bank 1
PD11.Signal=QUADSPI_BK1_IO0
PD12.Locked=true
PD12.Mode=Single Bank 1
PD12.Signal=QUADSPI_BK1_IO1
PD13.Locked=true
PD13.Mode=Single Bank 1
PD13.Signal=QUADSPI_BK1_IO3
PD14.Signal=S_TIM4_CH3
PD15.Signal=S_TIM4_CH4
PD2.GPIOParameters=GPIO_Label
PD2.GPIO_Label=ADD1
PD2.Locked=true
PD2.Signal=GPIO_Input
PD3.GPIOParameters=GPIO_Label
PD3.GPIO_Label=ADD2
PD3.Locked=true
PD3.Signal=GPIO_Input
PD4.GPIOParameters=GPIO_Label
PD4.GPIO_Label=ADD3
PD4.Locked=true
PD4.Signal=GPIO_Input
PD5.GPIOParameters=GPIO_Label
PD5.GPIO_Label=ADD4
PD5.Locked=true
PD5.Signal=GPIO_Input
PD6.GPIOParameters=GPIO_Label
PD6.GPIO_Label=ADD5
PD6.Locked=true
PD6.Signal=GPIO_Input
PD7.GPIOParameters=GPIO_Label
PD7.GPIO_Label=ADD6
PD7.Locked=true
PD7.Signal=GPIO_Input
PD9.GPIOParameters=GPIO_Label
PD9.GPIO_Label=AD_VD_EN
PD9.Locked=true
PD9.Signal=GPIO_Output
PE0.GPIOParameters=GPIO_Label
PE0.GPIO_Label=UN_OVP
PE0.Locked=true
PE0.Signal=GPIO_Output
PE1.GPIOParameters=GPIO_Speed,GPIO_PuPd,GPIO_Label
PE1.GPIO_Label=UN_OCP
PE1.GPIO_PuPd=GPIO_PULLUP
PE1.GPIO_Speed=GPIO_SPEED_FREQ_HIGH
PE1.Locked=true
PE1.Signal=GPIO_Output
PE10.GPIOParameters=GPIO_Label
PE10.GPIO_Label=EXIO_165_LD
PE10.Locked=true
PE10.Signal=GPIO_Output
PE11.Locked=true
PE11.Signal=S_TIM1_CH2
PE12.GPIOParameters=GPIO_Label
PE12.GPIO_Label=EXIO_165_CLK
PE12.Locked=true
PE12.Signal=GPIO_Output
PE13.Locked=true
PE13.Signal=S_TIM1_CH3
PE14.Signal=S_TIM1_CH4
PE15.GPIOParameters=GPIO_Label
PE15.GPIO_Label=EXIO_165_DATA
PE15.Locked=true
PE15.Signal=GPIO_Input
PE2.Locked=true
PE2.Mode=Single Bank 1
PE2.Signal=QUADSPI_BK1_IO2
PE3.GPIOParameters=GPIO_Label
PE3.GPIO_Label=FAN_GPIO
PE3.Locked=true
PE3.Signal=GPIO_Output
PE4.GPIOParameters=GPIO_Label
PE4.GPIO_Label=LED_595_LD
PE4.Locked=true
PE4.Signal=GPIO_Output
PE5.GPIOParameters=GPIO_Speed,GPIO_PuPd,GPIO_Label
PE5.GPIO_Label=LED_595_CLK
PE5.GPIO_PuPd=GPIO_PULLUP
PE5.GPIO_Speed=GPIO_SPEED_FREQ_LOW
PE5.Locked=true
PE5.Signal=GPIO_Output
PE6.GPIOParameters=GPIO_Label
PE6.GPIO_Label=LED_595_DATA
PE6.Locked=true
PE6.Signal=GPIO_Output
PE7.Locked=true
PE7.Mode=Asynchronous
PE7.Signal=UART7_RX
PE8.Locked=true
PE8.Mode=Asynchronous
PE8.Signal=UART7_TX
PE9.Signal=S_TIM1_CH1
PH0-OSC_IN\ (PH0).Mode=HSE-External-Oscillator
PH0-OSC_IN\ (PH0).Signal=RCC_OSC_IN
PH1-OSC_OUT\ (PH1).Mode=HSE-External-Oscillator
PH1-OSC_OUT\ (PH1).Signal=RCC_OSC_OUT
PinOutPanel.RotationAngle=0
ProjectManager.AskForMigrate=true
ProjectManager.BackupPrevious=false
ProjectManager.CompilerLinker=GCC
ProjectManager.CompilerOptimize=6
ProjectManager.ComputerToolchain=false
ProjectManager.CoupleFile=true
ProjectManager.CustomerFirmwarePackage=
ProjectManager.DefaultFWLocation=true
ProjectManager.DeletePrevious=true
ProjectManager.DeviceId=STM32H750VBTx
ProjectManager.FirmwarePackage=STM32Cube FW_H7 V1.12.1
ProjectManager.FreePins=false
ProjectManager.HalAssertFull=false
ProjectManager.HeapSize=0x1800
ProjectManager.KeepUserCode=true
ProjectManager.LastFirmware=true
ProjectManager.LibraryCopy=0
ProjectManager.MainLocation=Core/Src
ProjectManager.NoMain=false
ProjectManager.PreviousToolchain=
ProjectManager.ProjectBuild=false
ProjectManager.ProjectFileName=STM32F750Timer.ioc
ProjectManager.ProjectName=STM32F750Timer
ProjectManager.ProjectStructure=
ProjectManager.RegisterCallBack=
ProjectManager.StackSize=0x1800
ProjectManager.TargetToolchain=MDK-ARM V5.32
ProjectManager.ToolChainLocation=
ProjectManager.UAScriptAfterPath=
ProjectManager.UAScriptBeforePath=
ProjectManager.UnderRoot=false
ProjectManager.functionlistsort=1-SystemClock_Config-RCC-false-HAL-false,2-MX_GPIO_Init-GPIO-false-HAL-true,3-MX_DMA_Init-DMA-false-HAL-true,4-MX_TIM1_Init-TIM1-false-HAL-true,5-MX_USART1_UART_Init-USART1-false-HAL-true,6-MX_TIM3_Init-TIM3-false-HAL-true,7-MX_ADC1_Init-ADC1-false-HAL-true,8-MX_FDCAN1_Init-FDCAN1-false-HAL-true,9-MX_TIM2_Init-TIM2-false-HAL-true,10-MX_TIM8_Init-TIM8-false-HAL-true,11-MX_ADC3_Init-ADC3-false-HAL-true,12-MX_QUADSPI_Init-QUADSPI-false-HAL-true,13-MX_TIM4_Init-TIM4-false-HAL-true,14-MX_UART7_Init-UART7-false-HAL-true,15-MX_TIM5_Init-TIM5-false-HAL-true,16-MX_TIM6_Init-TIM6-false-HAL-true,17-MX_TIM12_Init-TIM12-false-HAL-true,18-MX_TIM7_Init-TIM7-false-HAL-true,0-MX_CORTEX_M7_Init-CORTEX_M7-false-HAL-true
QUADSPI.ChipSelectHighTime=QSPI_CS_HIGH_TIME_6_CYCLE
QUADSPI.ClockPrescaler=2
QUADSPI.FifoThreshold=4
QUADSPI.FlashSize=24
QUADSPI.IPParameters=ClockPrescaler,SampleShifting,FifoThreshold,FlashSize,ChipSelectHighTime
QUADSPI.SampleShifting=QSPI_SAMPLE_SHIFTING_HALFCYCLE
RCC.ADCFreq_Value=75000000
RCC.AHB12Freq_Value=240000000
RCC.AHB4Freq_Value=240000000
RCC.APB1Freq_Value=120000000
RCC.APB2Freq_Value=120000000
RCC.APB3Freq_Value=120000000
RCC.APB4Freq_Value=120000000
RCC.AXIClockFreq_Value=240000000
RCC.CECFreq_Value=32000
RCC.CKPERFreq_Value=64000000
RCC.CortexFreq_Value=480000000
RCC.CpuClockFreq_Value=480000000
RCC.D1CPREFreq_Value=480000000
RCC.D1PPRE=RCC_APB3_DIV2
RCC.D2PPRE1=RCC_APB1_DIV2
RCC.D2PPRE2=RCC_APB2_DIV2
RCC.D3PPRE=RCC_APB4_DIV2
RCC.DFSDMACLkFreq_Value=120000000
RCC.DFSDMFreq_Value=120000000
RCC.DIVM1=5
RCC.DIVM2=2
RCC.DIVN1=192
RCC.DIVN2=12
RCC.DIVP1Freq_Value=480000000
RCC.DIVP2Freq_Value=75000000
RCC.DIVP3Freq_Value=50390625
RCC.DIVQ1=8
RCC.DIVQ1Freq_Value=120000000
RCC.DIVQ2Freq_Value=75000000
RCC.DIVQ3Freq_Value=50390625
RCC.DIVR1Freq_Value=480000000
RCC.DIVR2Freq_Value=75000000
RCC.DIVR3Freq_Value=50390625
RCC.FDCANFreq_Value=120000000
RCC.FMCFreq_Value=240000000
RCC.FamilyName=M
RCC.HCLK3ClockFreq_Value=240000000
RCC.HCLKFreq_Value=240000000
RCC.HPRE=RCC_HCLK_DIV2
RCC.HRTIMFreq_Value=240000000
RCC.I2C123Freq_Value=120000000
RCC.I2C4Freq_Value=120000000
RCC.IPParameters=ADCFreq_Value,AHB12Freq_Value,AHB4Freq_Value,APB1Freq_Value,APB2Freq_Value,APB3Freq_Value,APB4Freq_Value,AXIClockFreq_Value,CECFreq_Value,CKPERFreq_Value,CortexFreq_Value,CpuClockFreq_Value,D1CPREFreq_Value,D1PPRE,D2PPRE1,D2PPRE2,D3PPRE,DFSDMACLkFreq_Value,DFSDMFreq_Value,DIVM1,DIVM2,DIVN1,DIVN2,DIVP1Freq_Value,DIVP2Freq_Value,DIVP3Freq_Value,DIVQ1,DIVQ1Freq_Value,DIVQ2Freq_Value,DIVQ3Freq_Value,DIVR1Freq_Value,DIVR2Freq_Value,DIVR3Freq_Value,FDCANFreq_Value,FMCFreq_Value,FamilyName,HCLK3ClockFreq_Value,HCLKFreq_Value,HPRE,HRTIMFreq_Value,I2C123Freq_Value,I2C4Freq_Value,LPTIM1Freq_Value,LPTIM2Freq_Value,LPTIM345Freq_Value,LPUART1Freq_Value,LTDCFreq_Value,MCO1PinFreq_Value,MCO2PinFreq_Value,PLL2FRACN,PLL3FRACN,PLLFRACN,PLLSourceVirtual,QSPIFreq_Value,RNGFreq_Value,RTCFreq_Value,SAI1Freq_Value,SAI23Freq_Value,SAI4AFreq_Value,SAI4BFreq_Value,SDMMCFreq_Value,SPDIFRXFreq_Value,SPI123Freq_Value,SPI45Freq_Value,SPI6Freq_Value,SWPMI1Freq_Value,SYSCLKFreq_VALUE,SYSCLKSource,Tim1OutputFreq_Value,Tim2OutputFreq_Value,TraceFreq_Value,USART16Freq_Value,USART234578Freq_Value,USBFreq_Value,VCO1OutputFreq_Value,VCO2OutputFreq_Value,VCO3OutputFreq_Value,VCOInput1Freq_Value,VCOInput2Freq_Value,VCOInput3Freq_Value
RCC.LPTIM1Freq_Value=120000000
RCC.LPTIM2Freq_Value=120000000
RCC.LPTIM345Freq_Value=120000000
RCC.LPUART1Freq_Value=120000000
RCC.LTDCFreq_Value=50390625
RCC.MCO1PinFreq_Value=64000000
RCC.MCO2PinFreq_Value=480000000
RCC.PLL2FRACN=0
RCC.PLL3FRACN=0
RCC.PLLFRACN=0
RCC.PLLSourceVirtual=RCC_PLLSOURCE_HSE
RCC.QSPIFreq_Value=240000000
RCC.RNGFreq_Value=48000000
RCC.RTCFreq_Value=32000
RCC.SAI1Freq_Value=120000000
RCC.SAI23Freq_Value=120000000
RCC.SAI4AFreq_Value=120000000
RCC.SAI4BFreq_Value=120000000
RCC.SDMMCFreq_Value=120000000
RCC.SPDIFRXFreq_Value=120000000
RCC.SPI123Freq_Value=120000000
RCC.SPI45Freq_Value=120000000
RCC.SPI6Freq_Value=120000000
RCC.SWPMI1Freq_Value=120000000
RCC.SYSCLKFreq_VALUE=480000000
RCC.SYSCLKSource=RCC_SYSCLKSOURCE_PLLCLK
RCC.Tim1OutputFreq_Value=240000000
RCC.Tim2OutputFreq_Value=240000000
RCC.TraceFreq_Value=480000000
RCC.USART16Freq_Value=120000000
RCC.USART234578Freq_Value=120000000
RCC.USBFreq_Value=120000000
RCC.VCO1OutputFreq_Value=960000000
RCC.VCO2OutputFreq_Value=150000000
RCC.VCO3OutputFreq_Value=100781250
RCC.VCOInput1Freq_Value=5000000
RCC.VCOInput2Freq_Value=12500000
RCC.VCOInput3Freq_Value=781250
SH.ADCx_INP10.0=ADC1_INP10,IN10-Single-Ended
SH.ADCx_INP10.1=ADC3_INP10
SH.ADCx_INP10.ConfNb=2
SH.ADCx_INP11.0=ADC1_INP11,IN11-Single-Ended
SH.ADCx_INP11.ConfNb=1
SH.ADCx_INP14.0=ADC1_INP14,IN14-Single-Ended
SH.ADCx_INP14.ConfNb=1
SH.ADCx_INP15.0=ADC1_INP15,IN15-Single-Ended
SH.ADCx_INP15.ConfNb=1
SH.ADCx_INP18.0=ADC1_INP18,IN18-Single-Ended
SH.ADCx_INP18.ConfNb=1
SH.ADCx_INP19.0=ADC1_INP19,IN19-Single-Ended
SH.ADCx_INP19.ConfNb=1
SH.ADCx_INP3.0=ADC1_INP3,IN3-Single-Ended
SH.ADCx_INP3.ConfNb=1
SH.ADCx_INP4.0=ADC1_INP4,IN4-Single-Ended
SH.ADCx_INP4.ConfNb=1
SH.ADCx_INP5.0=ADC1_INP5,IN5-Single-Ended
SH.ADCx_INP5.ConfNb=1
SH.ADCx_INP7.0=ADC1_INP7,IN7-Single-Ended
SH.ADCx_INP7.ConfNb=1
SH.ADCx_INP8.0=ADC1_INP8,IN8-Single-Ended
SH.ADCx_INP8.ConfNb=1
SH.S_TIM12_CH1.0=TIM12_CH1,PWM Generation1 CH1
SH.S_TIM12_CH1.ConfNb=1
SH.S_TIM1_CH1.0=TIM1_CH1,PWM Generation1 CH1
SH.S_TIM1_CH1.ConfNb=1
SH.S_TIM1_CH2.0=TIM1_CH2,PWM Generation2 CH2
SH.S_TIM1_CH2.ConfNb=1
SH.S_TIM1_CH3.0=TIM1_CH3,PWM Generation3 CH3
SH.S_TIM1_CH3.ConfNb=1
SH.S_TIM1_CH4.0=TIM1_CH4,PWM Generation4 CH4
SH.S_TIM1_CH4.ConfNb=1
SH.S_TIM2_CH1_ETR.0=TIM2_CH1,PWM Generation1 CH1
SH.S_TIM2_CH1_ETR.ConfNb=1
SH.S_TIM2_CH2.0=TIM2_CH2,PWM Generation2 CH2
SH.S_TIM2_CH2.ConfNb=1
SH.S_TIM2_CH3.0=TIM2_CH3,PWM Generation3 CH3
SH.S_TIM2_CH3.ConfNb=1
SH.S_TIM2_CH4.0=TIM2_CH4,PWM Generation4 CH4
SH.S_TIM2_CH4.ConfNb=1
SH.S_TIM3_CH1.0=TIM3_CH1,PWM Generation1 CH1
SH.S_TIM3_CH1.ConfNb=1
SH.S_TIM3_CH2.0=TIM3_CH2,PWM Generation2 CH2
SH.S_TIM3_CH2.ConfNb=1
SH.S_TIM4_CH3.0=TIM4_CH3,PWM Generation3 CH3
SH.S_TIM4_CH3.ConfNb=1
SH.S_TIM4_CH4.0=TIM4_CH4,PWM Generation4 CH4
SH.S_TIM4_CH4.ConfNb=1
SH.S_TIM8_CH1.0=TIM8_CH1,PWM Generation1 CH1
SH.S_TIM8_CH1.ConfNb=1
SH.S_TIM8_CH2.0=TIM8_CH2,PWM Generation2 CH2
SH.S_TIM8_CH2.ConfNb=1
SH.S_TIM8_CH3.0=TIM8_CH3,PWM Generation3 CH3
SH.S_TIM8_CH3.ConfNb=1
SH.S_TIM8_CH4.0=TIM8_CH4,PWM Generation4 CH4
SH.S_TIM8_CH4.ConfNb=1
SH.SharedAnalog_PA1.0=ADC1_INN16
SH.SharedAnalog_PA1.1=ADC1_INP17,IN17-Single-Ended
SH.SharedAnalog_PA1.ConfNb=2
SH.SharedAnalog_PB0.0=ADC1_INN5
SH.SharedAnalog_PB0.1=ADC1_INP9,IN9-Single-Ended
SH.SharedAnalog_PB0.ConfNb=2
TIM1.AutoReloadPreload=TIM_AUTORELOAD_PRELOAD_ENABLE
TIM1.Channel-PWM\ Generation1\ CH1=TIM_CHANNEL_1
TIM1.Channel-PWM\ Generation2\ CH2=TIM_CHANNEL_2
TIM1.Channel-PWM\ Generation3\ CH3=TIM_CHANNEL_3
TIM1.Channel-PWM\ Generation4\ CH4=TIM_CHANNEL_4
TIM1.IPParameters=Channel-PWM Generation1 CH1,Channel-PWM Generation4 CH4,Channel-PWM Generation2 CH2,Channel-PWM Generation3 CH3,AutoReloadPreload,RepetitionCounter,Period,Pulse-PWM Generation1 CH1,Pulse-PWM Generation2 CH2,Pulse-PWM Generation3 CH3,Pulse-PWM Generation4 CH4
TIM1.Period=7999
TIM1.Pulse-PWM\ Generation1\ CH1=200
TIM1.Pulse-PWM\ Generation2\ CH2=200
TIM1.Pulse-PWM\ Generation3\ CH3=200
TIM1.Pulse-PWM\ Generation4\ CH4=200
TIM1.RepetitionCounter=0
TIM12.AutoReloadPreload=TIM_AUTORELOAD_PRELOAD_ENABLE
TIM12.Channel-PWM\ Generation1\ CH1=TIM_CHANNEL_1
TIM12.IPParameters=Channel-PWM Generation1 CH1,Period,Pulse-PWM Generation1 CH1,AutoReloadPreload
TIM12.Period=7999
TIM12.Pulse-PWM\ Generation1\ CH1=4000
TIM2.AutoReloadPreload=TIM_AUTORELOAD_PRELOAD_ENABLE
TIM2.Channel-PWM\ Generation1\ CH1=TIM_CHANNEL_1
TIM2.Channel-PWM\ Generation2\ CH2=TIM_CHANNEL_2
TIM2.Channel-PWM\ Generation3\ CH3=TIM_CHANNEL_3
TIM2.Channel-PWM\ Generation4\ CH4=TIM_CHANNEL_4
TIM2.IPParameters=Channel-PWM Generation1 CH1,Channel-PWM Generation2 CH2,Channel-PWM Generation3 CH3,Channel-PWM Generation4 CH4,Period,AutoReloadPreload,Pulse-PWM Generation1 CH1,Pulse-PWM Generation2 CH2,Pulse-PWM Generation3 CH3,Pulse-PWM Generation4 CH4
TIM2.Period=7999
TIM2.Pulse-PWM\ Generation1\ CH1=200
TIM2.Pulse-PWM\ Generation2\ CH2=200
TIM2.Pulse-PWM\ Generation3\ CH3=200
TIM2.Pulse-PWM\ Generation4\ CH4=200
TIM3.AutoReloadPreload=TIM_AUTORELOAD_PRELOAD_ENABLE
TIM3.Channel-PWM\ Generation1\ CH1=TIM_CHANNEL_1
TIM3.Channel-PWM\ Generation2\ CH2=TIM_CHANNEL_2
TIM3.IPParameters=Prescaler,Period,AutoReloadPreload,Channel-PWM Generation1 CH1,Channel-PWM Generation2 CH2,Pulse-PWM Generation1 CH1
TIM3.Period=7999
TIM3.Prescaler=0
TIM3.Pulse-PWM\ Generation1\ CH1=200
TIM4.AutoReloadPreload=TIM_AUTORELOAD_PRELOAD_ENABLE
TIM4.Channel-PWM\ Generation3\ CH3=TIM_CHANNEL_3
TIM4.Channel-PWM\ Generation4\ CH4=TIM_CHANNEL_4
TIM4.IPParameters=Channel-PWM Generation3 CH3,Channel-PWM Generation4 CH4,Period,AutoReloadPreload,Pulse-PWM Generation3 CH3
TIM4.Period=7999
TIM4.Pulse-PWM\ Generation3\ CH3=200
TIM6.AutoReloadPreload=TIM_AUTORELOAD_PRELOAD_ENABLE
TIM6.IPParameters=Prescaler,Period,AutoReloadPreload
TIM6.Period=2999
TIM6.Prescaler=7
TIM7.AutoReloadPreload=TIM_AUTORELOAD_PRELOAD_ENABLE
TIM7.IPParameters=Prescaler,Period,AutoReloadPreload
TIM7.Period=999
TIM7.Prescaler=9599
TIM8.AutoReloadPreload=TIM_AUTORELOAD_PRELOAD_ENABLE
TIM8.Channel-PWM\ Generation1\ CH1=TIM_CHANNEL_1
TIM8.Channel-PWM\ Generation2\ CH2=TIM_CHANNEL_2
TIM8.Channel-PWM\ Generation3\ CH3=TIM_CHANNEL_3
TIM8.Channel-PWM\ Generation4\ CH4=TIM_CHANNEL_4
TIM8.IPParameters=Channel-PWM Generation1 CH1,Channel-PWM Generation2 CH2,Channel-PWM Generation3 CH3,Channel-PWM Generation4 CH4,Period,AutoReloadPreload,Pulse-PWM Generation1 CH1,Pulse-PWM Generation2 CH2,Pulse-PWM Generation3 CH3,Pulse-PWM Generation4 CH4
TIM8.Period=7999
TIM8.Pulse-PWM\ Generation1\ CH1=200
TIM8.Pulse-PWM\ Generation2\ CH2=200
TIM8.Pulse-PWM\ Generation3\ CH3=200
TIM8.Pulse-PWM\ Generation4\ CH4=200
USART1.IPParameters=VirtualMode-Asynchronous
USART1.VirtualMode-Asynchronous=VM_ASYNC
VP_MEMORYMAP_VS_MEMORYMAP.Mode=CurAppReg
VP_MEMORYMAP_VS_MEMORYMAP.Signal=MEMORYMAP_VS_MEMORYMAP
VP_SYS_VS_Systick.Mode=SysTick
VP_SYS_VS_Systick.Signal=SYS_VS_Systick
VP_TIM12_VS_ClockSourceINT.Mode=Internal
VP_TIM12_VS_ClockSourceINT.Signal=TIM12_VS_ClockSourceINT
VP_TIM1_VS_ClockSourceINT.Mode=Internal
VP_TIM1_VS_ClockSourceINT.Signal=TIM1_VS_ClockSourceINT
VP_TIM2_VS_ClockSourceINT.Mode=Internal
VP_TIM2_VS_ClockSourceINT.Signal=TIM2_VS_ClockSourceINT
VP_TIM3_VS_ClockSourceINT.Mode=Internal
VP_TIM3_VS_ClockSourceINT.Signal=TIM3_VS_ClockSourceINT
VP_TIM4_VS_ClockSourceINT.Mode=Internal
VP_TIM4_VS_ClockSourceINT.Signal=TIM4_VS_ClockSourceINT
VP_TIM5_VS_ClockSourceINT.Mode=Internal
VP_TIM5_VS_ClockSourceINT.Signal=TIM5_VS_ClockSourceINT
VP_TIM6_VS_ClockSourceINT.Mode=Enable_Timer
VP_TIM6_VS_ClockSourceINT.Signal=TIM6_VS_ClockSourceINT
VP_TIM7_VS_ClockSourceINT.Mode=Enable_Timer
VP_TIM7_VS_ClockSourceINT.Signal=TIM7_VS_ClockSourceINT
VP_TIM8_VS_ClockSourceINT.Mode=Internal
VP_TIM8_VS_ClockSourceINT.Signal=TIM8_VS_ClockSourceINT
board=custom
